
Microsoft Visual Studio Solution File, Format Version 12.00
# Visual Studio 14
VisualStudioVersion = 14.0.25420.1
MinimumVisualStudioVersion = 10.0.40219.1
Project("{FAE04EC0-301F-11D3-BF4B-00C04F79EFBC}") = "AdapterTests", "AdapterTests\AdapterTests.csproj", "{B20136E4-42E1-4A40-BD2A-DDFA11649746}"
EndProject
Project("{FAE04EC0-301F-11D3-BF4B-00C04F79EFBC}") = "Adapter", "Adapter\Adapter.csproj", "{3B6BD179-96DB-4672-A817-4327241B4B42}"
EndProject
Global
	GlobalSection(SolutionConfigurationPlatforms) = preSolution
		Debug|Any CPU = Debug|Any CPU
		Release|Any CPU = Release|Any CPU
	EndGlobalSection
	GlobalSection(ProjectConfigurationPlatforms) = postSolution
		{B20136E4-42E1-4A40-BD2A-DDFA11649746}.Debug|Any CPU.ActiveCfg = Debug|Any CPU
		{B20136E4-42E1-4A40-BD2A-DDFA11649746}.Debug|Any CPU.Build.0 = Debug|Any CPU
		{B20136E4-42E1-4A40-BD2A-DDFA11649746}.Release|Any CPU.ActiveCfg = Release|Any CPU
		{B20136E4-42E1-4A40-BD2A-DDFA11649746}.Release|Any CPU.Build.0 = Release|Any CPU
		{3B6BD179-96DB-4672-A817-4327241B4B42}.Debug|Any CPU.ActiveCfg = Debug|Any CPU
		{3B6BD179-96DB-4672-A817-4327241B4B42}.Debug|Any CPU.Build.0 = Debug|Any CPU
		{3B6BD179-96DB-4672-A817-4327241B4B42}.Release|Any CPU.ActiveCfg = Release|Any CPU
		{3B6BD179-96DB-4672-A817-4327241B4B42}.Release|Any CPU.Build.0 = Release|Any CPU
	EndGlobalSection
	GlobalSection(SolutionProperties) = preSolution
		HideSolutionNode = FALSE
	EndGlobalSection
EndGlobal
